
Microsoft Visual Studio Solution File, Format Version 12.00
# Visual Studio Version 17
VisualStudioVersion = 17.6.33723.286
MinimumVisualStudioVersion = 10.0.40219.1
Project("{FAE04EC0-301F-11D3-BF4B-00C04F79EFBC}") = "Maengelruege", "Maengelruege\Maengelruege.csproj", "{BB186CE5-6871-4F61-84FA-E587DC11808D}"
EndProject
Global
	GlobalSection(SolutionConfigurationPlatforms) = preSolution
		Debug|Any CPU = Debug|Any CPU
		Release|Any CPU = Release|Any CPU
	EndGlobalSection
	GlobalSection(ProjectConfigurationPlatforms) = postSolution
		{BB186CE5-6871-4F61-84FA-E587DC11808D}.Debug|Any CPU.ActiveCfg = Debug|Any CPU
		{BB186CE5-6871-4F61-84FA-E587DC11808D}.Debug|Any CPU.Build.0 = Debug|Any CPU
		{BB186CE5-6871-4F61-84FA-E587DC11808D}.Release|Any CPU.ActiveCfg = Release|Any CPU
		{BB186CE5-6871-4F61-84FA-E587DC11808D}.Release|Any CPU.Build.0 = Release|Any CPU
	EndGlobalSection
	GlobalSection(SolutionProperties) = preSolution
		HideSolutionNode = FALSE
	EndGlobalSection
	GlobalSection(ExtensibilityGlobals) = postSolution
		SolutionGuid = {A2CC4DC2-3F7A-4C50-8E74-C525D87DE928}
	EndGlobalSection
EndGlobal
